// !$*UTF8*$!
{
	archiveVersion = 1;
	classes = {
	};
	objectVersion = 46;
	objects = {

/* Begin PBXBuildFile section */
		16818A0FB0F3339A5C0E0518 /* libPods.a in Frameworks */ = {isa = PBXBuildFile; fileRef = CAA011180CC69878131C8137 /* libPods.a */; };
		E1247F551BDA866B00288E87 /* TaoAccountViewModel.m in Sources */ = {isa = PBXBuildFile; fileRef = E1247F541BDA866B00288E87 /* TaoAccountViewModel.m */; };
		E138B1941BD614CF0074FF0F /* NBNavigationViewController.m in Sources */ = {isa = PBXBuildFile; fileRef = E138B1911BD614CF0074FF0F /* NBNavigationViewController.m */; };
		E138B1951BD614CF0074FF0F /* NBTabBarViewController.m in Sources */ = {isa = PBXBuildFile; fileRef = E138B1931BD614CF0074FF0F /* NBTabBarViewController.m */; };
		E1393EF91BDA01B3006C391E /* TaoHomeGroupManagerViewController.m in Sources */ = {isa = PBXBuildFile; fileRef = E1393EF81BDA01B3006C391E /* TaoHomeGroupManagerViewController.m */; };
		E1393EFC1BDA2ADE006C391E /* TaoLoginViewController.m in Sources */ = {isa = PBXBuildFile; fileRef = E1393EFB1BDA2ADE006C391E /* TaoLoginViewController.m */; };
		E1393F001BDA689F006C391E /* TaoSearverAPI.m in Sources */ = {isa = PBXBuildFile; fileRef = E1393EFF1BDA689F006C391E /* TaoSearverAPI.m */; };
		E1393F031BDA6D09006C391E /* TaoAccountTool.m in Sources */ = {isa = PBXBuildFile; fileRef = E1393F021BDA6D09006C391E /* TaoAccountTool.m */; };
		E164B4CE1BD7E554007004A6 /* UIColor+Extension.m in Sources */ = {isa = PBXBuildFile; fileRef = E164B4CD1BD7E554007004A6 /* UIColor+Extension.m */; };
		E164B4D11BD86A8A007004A6 /* UIView+TaoSingnal.m in Sources */ = {isa = PBXBuildFile; fileRef = E164B4D01BD86A8A007004A6 /* UIView+TaoSingnal.m */; };
		E164B4D41BD86FEB007004A6 /* TaoHomeGroupEditViewController.m in Sources */ = {isa = PBXBuildFile; fileRef = E164B4D31BD86FEB007004A6 /* TaoHomeGroupEditViewController.m */; };
		E167101F1BD4CE9F001C3029 /* main.m in Sources */ = {isa = PBXBuildFile; fileRef = E167101E1BD4CE9F001C3029 /* main.m */; };
		E167102A1BD4CE9F001C3029 /* Assets.xcassets in Resources */ = {isa = PBXBuildFile; fileRef = E16710291BD4CE9F001C3029 /* Assets.xcassets */; };
		E167102D1BD4CE9F001C3029 /* LaunchScreen.storyboard in Resources */ = {isa = PBXBuildFile; fileRef = E167102B1BD4CE9F001C3029 /* LaunchScreen.storyboard */; };
		E16710381BD4CE9F001C3029 /* ___4_0Tests.m in Sources */ = {isa = PBXBuildFile; fileRef = E16710371BD4CE9F001C3029 /* ___4_0Tests.m */; };
		E16710431BD4CE9F001C3029 /* ___4_0UITests.m in Sources */ = {isa = PBXBuildFile; fileRef = E16710421BD4CE9F001C3029 /* ___4_0UITests.m */; };
		E167105D1BD4D397001C3029 /* AppDelegate.m in Sources */ = {isa = PBXBuildFile; fileRef = E167105C1BD4D397001C3029 /* AppDelegate.m */; };
		E16710621BD4F7A4001C3029 /* UIBarButtonItem+Extension.m in Sources */ = {isa = PBXBuildFile; fileRef = E167105F1BD4F7A4001C3029 /* UIBarButtonItem+Extension.m */; };
		E16710631BD4F7A4001C3029 /* UIView+Extension.m in Sources */ = {isa = PBXBuildFile; fileRef = E16710611BD4F7A4001C3029 /* UIView+Extension.m */; };
		E17938591BDAB45800617E8C /* TaoHTTPTool.m in Sources */ = {isa = PBXBuildFile; fileRef = E17938581BDAB45800617E8C /* TaoHTTPTool.m */; };
		E18E88621BD8E5B100D18B4D /* TaoAlertFiledView.m in Sources */ = {isa = PBXBuildFile; fileRef = E18E88611BD8E5B100D18B4D /* TaoAlertFiledView.m */; };
		E1A07EED1BD91FC5000A8939 /* TaoHomeEditTableViewCell.m in Sources */ = {isa = PBXBuildFile; fileRef = E1A07EEB1BD91FC5000A8939 /* TaoHomeEditTableViewCell.m */; };
		E1A07EEE1BD91FC5000A8939 /* TaoHomeEditTableViewCell.xib in Resources */ = {isa = PBXBuildFile; fileRef = E1A07EEC1BD91FC5000A8939 /* TaoHomeEditTableViewCell.xib */; };
		E1BFEFB01BD63CE000751AEF /* Home.storyboard in Resources */ = {isa = PBXBuildFile; fileRef = E1BFEFAF1BD63CE000751AEF /* Home.storyboard */; };
		E1BFEFB71BD645FB00751AEF /* TaoNavigationBarConfig.m in Sources */ = {isa = PBXBuildFile; fileRef = E1BFEFB61BD645FB00751AEF /* TaoNavigationBarConfig.m */; };
		E1BFEFBA1BD6541000751AEF /* NBBaseViewController.m in Sources */ = {isa = PBXBuildFile; fileRef = E1BFEFB91BD6541000751AEF /* NBBaseViewController.m */; };
		E1BFEFBD1BD6555600751AEF /* TaoHomeViewController.m in Sources */ = {isa = PBXBuildFile; fileRef = E1BFEFBC1BD6555600751AEF /* TaoHomeViewController.m */; };
		E1BFEFC31BD68EA900751AEF /* TaoDisCoverViewController.m in Sources */ = {isa = PBXBuildFile; fileRef = E1BFEFC21BD68EA900751AEF /* TaoDisCoverViewController.m */; };
		E1C0570F1BDB4E8C00CC8C1A /* TaoAccountTableViewCell.m in Sources */ = {isa = PBXBuildFile; fileRef = E1C0570D1BDB4E8C00CC8C1A /* TaoAccountTableViewCell.m */; };
		E1C057101BDB4E8C00CC8C1A /* TaoAccountTableViewCell.xib in Resources */ = {isa = PBXBuildFile; fileRef = E1C0570E1BDB4E8C00CC8C1A /* TaoAccountTableViewCell.xib */; };
		E1E25CBF1BDB5CD8007D8337 /* UIImage+Clip.m in Sources */ = {isa = PBXBuildFile; fileRef = E1E25CBE1BDB5CD8007D8337 /* UIImage+Clip.m */; };
		E1E25CC21BDB8D0F007D8337 /* TaoUserDefults.m in Sources */ = {isa = PBXBuildFile; fileRef = E1E25CC11BDB8D0F007D8337 /* TaoUserDefults.m */; };
		E1E473A81BD72C7E00EDCA4B /* NSDate+Extension.m in Sources */ = {isa = PBXBuildFile; fileRef = E1E473A71BD72C7E00EDCA4B /* NSDate+Extension.m */; };
		E1E473AB1BD72C8300EDCA4B /* NSString+Extension.m in Sources */ = {isa = PBXBuildFile; fileRef = E1E473AA1BD72C8300EDCA4B /* NSString+Extension.m */; };
		E1E473AD1BD72C8E00EDCA4B /* Foundation+Log.m in Sources */ = {isa = PBXBuildFile; fileRef = E1E473AC1BD72C8E00EDCA4B /* Foundation+Log.m */; };
		E1E473B41BD75AEB00EDCA4B /* TaoHomeTitleBtn.m in Sources */ = {isa = PBXBuildFile; fileRef = E1E473B31BD75AEB00EDCA4B /* TaoHomeTitleBtn.m */; };
		E1E473B81BD779D900EDCA4B /* TaoConst.m in Sources */ = {isa = PBXBuildFile; fileRef = E1E473B71BD779D900EDCA4B /* TaoConst.m */; };
		E1FAC7E01BD5089B00515933 /* NBTabBar.m in Sources */ = {isa = PBXBuildFile; fileRef = E1FAC7DF1BD5089B00515933 /* NBTabBar.m */; };
		E1FAC7EC1BD50A5C00515933 /* TaoMessageTableViewController.m in Sources */ = {isa = PBXBuildFile; fileRef = E1FAC7EB1BD50A5C00515933 /* TaoMessageTableViewController.m */; };
		E1FAC7F21BD50AAE00515933 /* TaoComposeTableViewController.m in Sources */ = {isa = PBXBuildFile; fileRef = E1FAC7F11BD50AAE00515933 /* TaoComposeTableViewController.m */; };
		E1FAC7F51BD50AC400515933 /* TaoMineTableViewController.m in Sources */ = {isa = PBXBuildFile; fileRef = E1FAC7F41BD50AC400515933 /* TaoMineTableViewController.m */; };
/* End PBXBuildFile section */

/* Begin PBXContainerItemProxy section */
		E16710341BD4CE9F001C3029 /* PBXContainerItemProxy */ = {
			isa = PBXContainerItemProxy;
			containerPortal = E16710121BD4CE9F001C3029 /* Project object */;
			proxyType = 1;
			remoteGlobalIDString = E16710191BD4CE9F001C3029;
			remoteInfo = "韬微博4.0";
		};
		E167103F1BD4CE9F001C3029 /* PBXContainerItemProxy */ = {
			isa = PBXContainerItemProxy;
			containerPortal = E16710121BD4CE9F001C3029 /* Project object */;
			proxyType = 1;
			remoteGlobalIDString = E16710191BD4CE9F001C3029;
			remoteInfo = "韬微博4.0";
		};
/* End PBXContainerItemProxy section */

/* Begin PBXFileReference section */
		4416BD694E4B871582D910AE /* Pods.debug.xcconfig */ = {isa = PBXFileReference; includeInIndex = 1; lastKnownFileType = text.xcconfig; name = Pods.debug.xcconfig; path = "Pods/Target Support Files/Pods/Pods.debug.xcconfig"; sourceTree = "<group>"; };
		9828779776BAB5399CE552E5 /* Pods.release.xcconfig */ = {isa = PBXFileReference; includeInIndex = 1; lastKnownFileType = text.xcconfig; name = Pods.release.xcconfig; path = "Pods/Target Support Files/Pods/Pods.release.xcconfig"; sourceTree = "<group>"; };
		CAA011180CC69878131C8137 /* libPods.a */ = {isa = PBXFileReference; explicitFileType = archive.ar; includeInIndex = 0; path = libPods.a; sourceTree = BUILT_PRODUCTS_DIR; };
		E1247F531BDA866B00288E87 /* TaoAccountViewModel.h */ = {isa = PBXFileReference; fileEncoding = 4; lastKnownFileType = sourcecode.c.h; path = TaoAccountViewModel.h; sourceTree = "<group>"; };
		E1247F541BDA866B00288E87 /* TaoAccountViewModel.m */ = {isa = PBXFileReference; fileEncoding = 4; lastKnownFileType = sourcecode.c.objc; path = TaoAccountViewModel.m; sourceTree = "<group>"; };
		E138B1901BD614CF0074FF0F /* NBNavigationViewController.h */ = {isa = PBXFileReference; fileEncoding = 4; lastKnownFileType = sourcecode.c.h; name = NBNavigationViewController.h; path = "韬微博4.0/App/Main/Controller/NBNavigationViewController.h"; sourceTree = SOURCE_ROOT; };
		E138B1911BD614CF0074FF0F /* NBNavigationViewController.m */ = {isa = PBXFileReference; fileEncoding = 4; lastKnownFileType = sourcecode.c.objc; name = NBNavigationViewController.m; path = "韬微博4.0/App/Main/Controller/NBNavigationViewController.m"; sourceTree = SOURCE_ROOT; };
		E138B1921BD614CF0074FF0F /* NBTabBarViewController.h */ = {isa = PBXFileReference; fileEncoding = 4; lastKnownFileType = sourcecode.c.h; name = NBTabBarViewController.h; path = "韬微博4.0/App/Main/Controller/NBTabBarViewController.h"; sourceTree = SOURCE_ROOT; };
		E138B1931BD614CF0074FF0F /* NBTabBarViewController.m */ = {isa = PBXFileReference; fileEncoding = 4; lastKnownFileType = sourcecode.c.objc; name = NBTabBarViewController.m; path = "韬微博4.0/App/Main/Controller/NBTabBarViewController.m"; sourceTree = SOURCE_ROOT; };
		E1393EF71BDA01B3006C391E /* TaoHomeGroupManagerViewController.h */ = {isa = PBXFileReference; fileEncoding = 4; lastKnownFileType = sourcecode.c.h; path = TaoHomeGroupManagerViewController.h; sourceTree = "<group>"; };
		E1393EF81BDA01B3006C391E /* TaoHomeGroupManagerViewController.m */ = {isa = PBXFileReference; fileEncoding = 4; lastKnownFileType = sourcecode.c.objc; path = TaoHomeGroupManagerViewController.m; sourceTree = "<group>"; };
		E1393EFA1BDA2ADE006C391E /* TaoLoginViewController.h */ = {isa = PBXFileReference; fileEncoding = 4; lastKnownFileType = sourcecode.c.h; name = TaoLoginViewController.h; path = "韬微博4.0/App/Home/Controller/TaoLoginViewController.h"; sourceTree = SOURCE_ROOT; };
		E1393EFB1BDA2ADE006C391E /* TaoLoginViewController.m */ = {isa = PBXFileReference; fileEncoding = 4; lastKnownFileType = sourcecode.c.objc; name = TaoLoginViewController.m; path = "韬微博4.0/App/Home/Controller/TaoLoginViewController.m"; sourceTree = SOURCE_ROOT; };
		E1393EFE1BDA689F006C391E /* TaoSearverAPI.h */ = {isa = PBXFileReference; fileEncoding = 4; lastKnownFileType = sourcecode.c.h; path = TaoSearverAPI.h; sourceTree = "<group>"; };
		E1393EFF1BDA689F006C391E /* TaoSearverAPI.m */ = {isa = PBXFileReference; fileEncoding = 4; lastKnownFileType = sourcecode.c.objc; path = TaoSearverAPI.m; sourceTree = "<group>"; };
		E1393F011BDA6D09006C391E /* TaoAccountTool.h */ = {isa = PBXFileReference; fileEncoding = 4; lastKnownFileType = sourcecode.c.h; path = TaoAccountTool.h; sourceTree = "<group>"; };
		E1393F021BDA6D09006C391E /* TaoAccountTool.m */ = {isa = PBXFileReference; fileEncoding = 4; lastKnownFileType = sourcecode.c.objc; path = TaoAccountTool.m; sourceTree = "<group>"; };
		E164B4CC1BD7E554007004A6 /* UIColor+Extension.h */ = {isa = PBXFileReference; fileEncoding = 4; lastKnownFileType = sourcecode.c.h; path = "UIColor+Extension.h"; sourceTree = "<group>"; };
		E164B4CD1BD7E554007004A6 /* UIColor+Extension.m */ = {isa = PBXFileReference; fileEncoding = 4; lastKnownFileType = sourcecode.c.objc; path = "UIColor+Extension.m"; sourceTree = "<group>"; };
		E164B4CF1BD86A8A007004A6 /* UIView+TaoSingnal.h */ = {isa = PBXFileReference; fileEncoding = 4; lastKnownFileType = sourcecode.c.h; path = "UIView+TaoSingnal.h"; sourceTree = "<group>"; };
		E164B4D01BD86A8A007004A6 /* UIView+TaoSingnal.m */ = {isa = PBXFileReference; fileEncoding = 4; lastKnownFileType = sourcecode.c.objc; path = "UIView+TaoSingnal.m"; sourceTree = "<group>"; };
		E164B4D21BD86FEB007004A6 /* TaoHomeGroupEditViewController.h */ = {isa = PBXFileReference; fileEncoding = 4; lastKnownFileType = sourcecode.c.h; path = TaoHomeGroupEditViewController.h; sourceTree = "<group>"; };
		E164B4D31BD86FEB007004A6 /* TaoHomeGroupEditViewController.m */ = {isa = PBXFileReference; fileEncoding = 4; lastKnownFileType = sourcecode.c.objc; path = TaoHomeGroupEditViewController.m; sourceTree = "<group>"; };
		E167101A1BD4CE9F001C3029 /* 韬微博4.0.app */ = {isa = PBXFileReference; explicitFileType = wrapper.application; includeInIndex = 0; path = "韬微博4.0.app"; sourceTree = BUILT_PRODUCTS_DIR; };
		E167101E1BD4CE9F001C3029 /* main.m */ = {isa = PBXFileReference; lastKnownFileType = sourcecode.c.objc; path = main.m; sourceTree = "<group>"; };
		E16710291BD4CE9F001C3029 /* Assets.xcassets */ = {isa = PBXFileReference; lastKnownFileType = folder.assetcatalog; path = Assets.xcassets; sourceTree = "<group>"; };
		E167102C1BD4CE9F001C3029 /* Base */ = {isa = PBXFileReference; lastKnownFileType = file.storyboard; name = Base; path = Base.lproj/LaunchScreen.storyboard; sourceTree = "<group>"; };
		E167102E1BD4CE9F001C3029 /* Info.plist */ = {isa = PBXFileReference; lastKnownFileType = text.plist.xml; path = Info.plist; sourceTree = "<group>"; };
		E16710331BD4CE9F001C3029 /* 韬微博4.0Tests.xctest */ = {isa = PBXFileReference; explicitFileType = wrapper.cfbundle; includeInIndex = 0; path = "韬微博4.0Tests.xctest"; sourceTree = BUILT_PRODUCTS_DIR; };
		E16710371BD4CE9F001C3029 /* ___4_0Tests.m */ = {isa = PBXFileReference; lastKnownFileType = sourcecode.c.objc; path = "___4_0Tests.m"; sourceTree = "<group>"; };
		E16710391BD4CE9F001C3029 /* Info.plist */ = {isa = PBXFileReference; lastKnownFileType = text.plist.xml; path = Info.plist; sourceTree = "<group>"; };
		E167103E1BD4CE9F001C3029 /* 韬微博4.0UITests.xctest */ = {isa = PBXFileReference; explicitFileType = wrapper.cfbundle; includeInIndex = 0; path = "韬微博4.0UITests.xctest"; sourceTree = BUILT_PRODUCTS_DIR; };
		E16710421BD4CE9F001C3029 /* ___4_0UITests.m */ = {isa = PBXFileReference; lastKnownFileType = sourcecode.c.objc; path = "___4_0UITests.m"; sourceTree = "<group>"; };
		E16710441BD4CE9F001C3029 /* Info.plist */ = {isa = PBXFileReference; lastKnownFileType = text.plist.xml; path = Info.plist; sourceTree = "<group>"; };
		E167105B1BD4D397001C3029 /* AppDelegate.h */ = {isa = PBXFileReference; fileEncoding = 4; lastKnownFileType = sourcecode.c.h; path = AppDelegate.h; sourceTree = "<group>"; };
		E167105C1BD4D397001C3029 /* AppDelegate.m */ = {isa = PBXFileReference; fileEncoding = 4; lastKnownFileType = sourcecode.c.objc; path = AppDelegate.m; sourceTree = "<group>"; };
		E167105E1BD4F7A4001C3029 /* UIBarButtonItem+Extension.h */ = {isa = PBXFileReference; fileEncoding = 4; lastKnownFileType = sourcecode.c.h; path = "UIBarButtonItem+Extension.h"; sourceTree = "<group>"; };
		E167105F1BD4F7A4001C3029 /* UIBarButtonItem+Extension.m */ = {isa = PBXFileReference; fileEncoding = 4; lastKnownFileType = sourcecode.c.objc; path = "UIBarButtonItem+Extension.m"; sourceTree = "<group>"; };
		E16710601BD4F7A4001C3029 /* UIView+Extension.h */ = {isa = PBXFileReference; fileEncoding = 4; lastKnownFileType = sourcecode.c.h; path = "UIView+Extension.h"; sourceTree = "<group>"; };
		E16710611BD4F7A4001C3029 /* UIView+Extension.m */ = {isa = PBXFileReference; fileEncoding = 4; lastKnownFileType = sourcecode.c.objc; path = "UIView+Extension.m"; sourceTree = "<group>"; };
		E16710641BD4F80F001C3029 /* 韬微博.pch */ = {isa = PBXFileReference; lastKnownFileType = sourcecode.c.h; path = "韬微博.pch"; sourceTree = "<group>"; };
		E17938571BDAB45800617E8C /* TaoHTTPTool.h */ = {isa = PBXFileReference; fileEncoding = 4; lastKnownFileType = sourcecode.c.h; path = TaoHTTPTool.h; sourceTree = "<group>"; };
		E17938581BDAB45800617E8C /* TaoHTTPTool.m */ = {isa = PBXFileReference; fileEncoding = 4; lastKnownFileType = sourcecode.c.objc; path = TaoHTTPTool.m; sourceTree = "<group>"; };
		E18E88601BD8E5B100D18B4D /* TaoAlertFiledView.h */ = {isa = PBXFileReference; fileEncoding = 4; lastKnownFileType = sourcecode.c.h; path = TaoAlertFiledView.h; sourceTree = "<group>"; };
		E18E88611BD8E5B100D18B4D /* TaoAlertFiledView.m */ = {isa = PBXFileReference; fileEncoding = 4; lastKnownFileType = sourcecode.c.objc; path = TaoAlertFiledView.m; sourceTree = "<group>"; };
		E1A07EEA1BD91FC5000A8939 /* TaoHomeEditTableViewCell.h */ = {isa = PBXFileReference; fileEncoding = 4; lastKnownFileType = sourcecode.c.h; path = TaoHomeEditTableViewCell.h; sourceTree = "<group>"; };
		E1A07EEB1BD91FC5000A8939 /* TaoHomeEditTableViewCell.m */ = {isa = PBXFileReference; fileEncoding = 4; lastKnownFileType = sourcecode.c.objc; path = TaoHomeEditTableViewCell.m; sourceTree = "<group>"; };
		E1A07EEC1BD91FC5000A8939 /* TaoHomeEditTableViewCell.xib */ = {isa = PBXFileReference; fileEncoding = 4; lastKnownFileType = file.xib; path = TaoHomeEditTableViewCell.xib; sourceTree = "<group>"; };
		E1BFEFAF1BD63CE000751AEF /* Home.storyboard */ = {isa = PBXFileReference; fileEncoding = 4; lastKnownFileType = file.storyboard; path = Home.storyboard; sourceTree = "<group>"; };
		E1BFEFB51BD645FB00751AEF /* TaoNavigationBarConfig.h */ = {isa = PBXFileReference; fileEncoding = 4; lastKnownFileType = sourcecode.c.h; path = TaoNavigationBarConfig.h; sourceTree = "<group>"; };
		E1BFEFB61BD645FB00751AEF /* TaoNavigationBarConfig.m */ = {isa = PBXFileReference; fileEncoding = 4; lastKnownFileType = sourcecode.c.objc; path = TaoNavigationBarConfig.m; sourceTree = "<group>"; };
		E1BFEFB81BD6541000751AEF /* NBBaseViewController.h */ = {isa = PBXFileReference; fileEncoding = 4; lastKnownFileType = sourcecode.c.h; name = NBBaseViewController.h; path = "韬微博4.0/App/Configer/NBBaseViewController.h"; sourceTree = SOURCE_ROOT; };
		E1BFEFB91BD6541000751AEF /* NBBaseViewController.m */ = {isa = PBXFileReference; fileEncoding = 4; lastKnownFileType = sourcecode.c.objc; name = NBBaseViewController.m; path = "韬微博4.0/App/Configer/NBBaseViewController.m"; sourceTree = SOURCE_ROOT; };
		E1BFEFBB1BD6555600751AEF /* TaoHomeViewController.h */ = {isa = PBXFileReference; fileEncoding = 4; lastKnownFileType = sourcecode.c.h; path = TaoHomeViewController.h; sourceTree = "<group>"; };
		E1BFEFBC1BD6555600751AEF /* TaoHomeViewController.m */ = {isa = PBXFileReference; fileEncoding = 4; lastKnownFileType = sourcecode.c.objc; path = TaoHomeViewController.m; sourceTree = "<group>"; };
		E1BFEFC11BD68EA900751AEF /* TaoDisCoverViewController.h */ = {isa = PBXFileReference; fileEncoding = 4; lastKnownFileType = sourcecode.c.h; path = TaoDisCoverViewController.h; sourceTree = "<group>"; };
		E1BFEFC21BD68EA900751AEF /* TaoDisCoverViewController.m */ = {isa = PBXFileReference; fileEncoding = 4; lastKnownFileType = sourcecode.c.objc; path = TaoDisCoverViewController.m; sourceTree = "<group>"; };
		E1C0570C1BDB4E8C00CC8C1A /* TaoAccountTableViewCell.h */ = {isa = PBXFileReference; fileEncoding = 4; lastKnownFileType = sourcecode.c.h; path = TaoAccountTableViewCell.h; sourceTree = "<group>"; };
		E1C0570D1BDB4E8C00CC8C1A /* TaoAccountTableViewCell.m */ = {isa = PBXFileReference; fileEncoding = 4; lastKnownFileType = sourcecode.c.objc; path = TaoAccountTableViewCell.m; sourceTree = "<group>"; };
		E1C0570E1BDB4E8C00CC8C1A /* TaoAccountTableViewCell.xib */ = {isa = PBXFileReference; fileEncoding = 4; lastKnownFileType = file.xib; path = TaoAccountTableViewCell.xib; sourceTree = "<group>"; };
		E1E25CBD1BDB5CD8007D8337 /* UIImage+Clip.h */ = {isa = PBXFileReference; fileEncoding = 4; lastKnownFileType = sourcecode.c.h; path = "UIImage+Clip.h"; sourceTree = "<group>"; };
		E1E25CBE1BDB5CD8007D8337 /* UIImage+Clip.m */ = {isa = PBXFileReference; fileEncoding = 4; lastKnownFileType = sourcecode.c.objc; path = "UIImage+Clip.m"; sourceTree = "<group>"; };
		E1E25CC01BDB8D0F007D8337 /* TaoUserDefults.h */ = {isa = PBXFileReference; fileEncoding = 4; lastKnownFileType = sourcecode.c.h; path = TaoUserDefults.h; sourceTree = "<group>"; };
		E1E25CC11BDB8D0F007D8337 /* TaoUserDefults.m */ = {isa = PBXFileReference; fileEncoding = 4; lastKnownFileType = sourcecode.c.objc; path = TaoUserDefults.m; sourceTree = "<group>"; };
		E1E473A61BD72C7E00EDCA4B /* NSDate+Extension.h */ = {isa = PBXFileReference; fileEncoding = 4; lastKnownFileType = sourcecode.c.h; path = "NSDate+Extension.h"; sourceTree = "<group>"; };
		E1E473A71BD72C7E00EDCA4B /* NSDate+Extension.m */ = {isa = PBXFileReference; fileEncoding = 4; lastKnownFileType = sourcecode.c.objc; path = "NSDate+Extension.m"; sourceTree = "<group>"; };
		E1E473A91BD72C8300EDCA4B /* NSString+Extension.h */ = {isa = PBXFileReference; fileEncoding = 4; lastKnownFileType = sourcecode.c.h; path = "NSString+Extension.h"; sourceTree = "<group>"; };
		E1E473AA1BD72C8300EDCA4B /* NSString+Extension.m */ = {isa = PBXFileReference; fileEncoding = 4; lastKnownFileType = sourcecode.c.objc; path = "NSString+Extension.m"; sourceTree = "<group>"; };
		E1E473AC1BD72C8E00EDCA4B /* Foundation+Log.m */ = {isa = PBXFileReference; fileEncoding = 4; lastKnownFileType = sourcecode.c.objc; path = "Foundation+Log.m"; sourceTree = "<group>"; };
		E1E473B21BD75AEB00EDCA4B /* TaoHomeTitleBtn.h */ = {isa = PBXFileReference; fileEncoding = 4; lastKnownFileType = sourcecode.c.h; path = TaoHomeTitleBtn.h; sourceTree = "<group>"; };
		E1E473B31BD75AEB00EDCA4B /* TaoHomeTitleBtn.m */ = {isa = PBXFileReference; fileEncoding = 4; lastKnownFileType = sourcecode.c.objc; path = TaoHomeTitleBtn.m; sourceTree = "<group>"; };
		E1E473B61BD779D900EDCA4B /* TaoConst.h */ = {isa = PBXFileReference; fileEncoding = 4; lastKnownFileType = sourcecode.c.h; path = TaoConst.h; sourceTree = "<group>"; };
		E1E473B71BD779D900EDCA4B /* TaoConst.m */ = {isa = PBXFileReference; fileEncoding = 4; lastKnownFileType = sourcecode.c.objc; path = TaoConst.m; sourceTree = "<group>"; };
		E1FAC7DE1BD5089B00515933 /* NBTabBar.h */ = {isa = PBXFileReference; fileEncoding = 4; lastKnownFileType = sourcecode.c.h; path = NBTabBar.h; sourceTree = "<group>"; };
		E1FAC7DF1BD5089B00515933 /* NBTabBar.m */ = {isa = PBXFileReference; fileEncoding = 4; lastKnownFileType = sourcecode.c.objc; path = NBTabBar.m; sourceTree = "<group>"; };
		E1FAC7EA1BD50A5C00515933 /* TaoMessageTableViewController.h */ = {isa = PBXFileReference; fileEncoding = 4; lastKnownFileType = sourcecode.c.h; path = TaoMessageTableViewController.h; sourceTree = "<group>"; };
		E1FAC7EB1BD50A5C00515933 /* TaoMessageTableViewController.m */ = {isa = PBXFileReference; fileEncoding = 4; lastKnownFileType = sourcecode.c.objc; path = TaoMessageTableViewController.m; sourceTree = "<group>"; };
		E1FAC7F01BD50AAE00515933 /* TaoComposeTableViewController.h */ = {isa = PBXFileReference; fileEncoding = 4; lastKnownFileType = sourcecode.c.h; path = TaoComposeTableViewController.h; sourceTree = "<group>"; };
		E1FAC7F11BD50AAE00515933 /* TaoComposeTableViewController.m */ = {isa = PBXFileReference; fileEncoding = 4; lastKnownFileType = sourcecode.c.objc; path = TaoComposeTableViewController.m; sourceTree = "<group>"; };
		E1FAC7F31BD50AC400515933 /* TaoMineTableViewController.h */ = {isa = PBXFileReference; fileEncoding = 4; lastKnownFileType = sourcecode.c.h; path = TaoMineTableViewController.h; sourceTree = "<group>"; };
		E1FAC7F41BD50AC400515933 /* TaoMineTableViewController.m */ = {isa = PBXFileReference; fileEncoding = 4; lastKnownFileType = sourcecode.c.objc; path = TaoMineTableViewController.m; sourceTree = "<group>"; };
/* End PBXFileReference section */

/* Begin PBXFrameworksBuildPhase section */
		E16710171BD4CE9F001C3029 /* Frameworks */ = {
			isa = PBXFrameworksBuildPhase;
			buildActionMask = 2147483647;
			files = (
				16818A0FB0F3339A5C0E0518 /* libPods.a in Frameworks */,
			);
			runOnlyForDeploymentPostprocessing = 0;
		};
		E16710301BD4CE9F001C3029 /* Frameworks */ = {
			isa = PBXFrameworksBuildPhase;
			buildActionMask = 2147483647;
			files = (
			);
			runOnlyForDeploymentPostprocessing = 0;
		};
		E167103B1BD4CE9F001C3029 /* Frameworks */ = {
			isa = PBXFrameworksBuildPhase;
			buildActionMask = 2147483647;
			files = (
			);
			runOnlyForDeploymentPostprocessing = 0;
		};
/* End PBXFrameworksBuildPhase section */

/* Begin PBXGroup section */
		762FCA7857CA206AC5EEEDC4 /* Frameworks */ = {
			isa = PBXGroup;
			children = (
				CAA011180CC69878131C8137 /* libPods.a */,
			);
			name = Frameworks;
			sourceTree = "<group>";
		};
		AD567BB17056D26A59216D0B /* Pods */ = {
			isa = PBXGroup;
			children = (
				4416BD694E4B871582D910AE /* Pods.debug.xcconfig */,
				9828779776BAB5399CE552E5 /* Pods.release.xcconfig */,
			);
			name = Pods;
			sourceTree = "<group>";
		};
		E1393EFD1BDA67A5006C391E /* ViewModel */ = {
			isa = PBXGroup;
			children = (
				E1247F531BDA866B00288E87 /* TaoAccountViewModel.h */,
				E1247F541BDA866B00288E87 /* TaoAccountViewModel.m */,
			);
			name = ViewModel;
			path = Model;
			sourceTree = "<group>";
		};
		E16710111BD4CE9F001C3029 = {
			isa = PBXGroup;
			children = (
				E167101C1BD4CE9F001C3029 /* 韬微博4.0 */,
				E16710361BD4CE9F001C3029 /* 韬微博4.0Tests */,
				E16710411BD4CE9F001C3029 /* 韬微博4.0UITests */,
				E167101B1BD4CE9F001C3029 /* Products */,
				AD567BB17056D26A59216D0B /* Pods */,
				762FCA7857CA206AC5EEEDC4 /* Frameworks */,
			);
			sourceTree = "<group>";
		};
		E167101B1BD4CE9F001C3029 /* Products */ = {
			isa = PBXGroup;
			children = (
				E167101A1BD4CE9F001C3029 /* 韬微博4.0.app */,
				E16710331BD4CE9F001C3029 /* 韬微博4.0Tests.xctest */,
				E167103E1BD4CE9F001C3029 /* 韬微博4.0UITests.xctest */,
			);
			name = Products;
			sourceTree = "<group>";
		};
		E167101C1BD4CE9F001C3029 /* 韬微博4.0 */ = {
			isa = PBXGroup;
			children = (
				E16710521BD4D385001C3029 /* App */,
				E167101D1BD4CE9F001C3029 /* Supporting Files */,
			);
			path = "韬微博4.0";
			sourceTree = "<group>";
		};
		E167101D1BD4CE9F001C3029 /* Supporting Files */ = {
			isa = PBXGroup;
			children = (
				E16710641BD4F80F001C3029 /* 韬微博.pch */,
				E167102B1BD4CE9F001C3029 /* LaunchScreen.storyboard */,
				E16710291BD4CE9F001C3029 /* Assets.xcassets */,
				E167102E1BD4CE9F001C3029 /* Info.plist */,
				E167101E1BD4CE9F001C3029 /* main.m */,
			);
			name = "Supporting Files";
			sourceTree = "<group>";
		};
		E16710361BD4CE9F001C3029 /* 韬微博4.0Tests */ = {
			isa = PBXGroup;
			children = (
				E16710371BD4CE9F001C3029 /* ___4_0Tests.m */,
				E16710391BD4CE9F001C3029 /* Info.plist */,
			);
			path = "韬微博4.0Tests";
			sourceTree = "<group>";
		};
		E16710411BD4CE9F001C3029 /* 韬微博4.0UITests */ = {
			isa = PBXGroup;
			children = (
				E16710421BD4CE9F001C3029 /* ___4_0UITests.m */,
				E16710441BD4CE9F001C3029 /* Info.plist */,
			);
			path = "韬微博4.0UITests";
			sourceTree = "<group>";
		};
		E16710521BD4D385001C3029 /* App */ = {
			isa = PBXGroup;
			children = (
				E16710561BD4D397001C3029 /* Main */,
				E16710531BD4D397001C3029 /* Compose */,
				E16710541BD4D397001C3029 /* Discover */,
				E16710551BD4D397001C3029 /* Home */,
				E16710581BD4D397001C3029 /* Message */,
				E16710591BD4D397001C3029 /* Mine */,
				E167105A1BD4D397001C3029 /* Other */,
			);
			name = App;
			sourceTree = "<group>";
		};
		E16710531BD4D397001C3029 /* Compose */ = {
			isa = PBXGroup;
			children = (
				E1FAC7E41BD509DA00515933 /* Storyboard */,
				E1FAC7C91BD5078800515933 /* Controller */,
				E1FAC7CA1BD5078800515933 /* Model */,
				E1FAC7CB1BD5078800515933 /* View */,
				E1FAC7CC1BD5078800515933 /* ViewModel */,
			);
			name = Compose;
			path = App/Compose;
			sourceTree = "<group>";
		};
		E16710541BD4D397001C3029 /* Discover */ = {
			isa = PBXGroup;
			children = (
				E1FAC7E91BD50A4000515933 /* Storyboard */,
				E1FAC7CD1BD5080200515933 /* Controller */,
				E1FAC7CE1BD5080200515933 /* Model */,
				E1FAC7CF1BD5080200515933 /* View */,
				E1FAC7D01BD5080200515933 /* ViewModel */,
			);
			name = Discover;
			path = App/Discover;
			sourceTree = "<group>";
		};
		E16710551BD4D397001C3029 /* Home */ = {
			isa = PBXGroup;
			children = (
				E1FAC7E81BD50A3900515933 /* Storyboard */,
				E1FAC7D11BD5082400515933 /* Controller */,
				E1FAC7D21BD5082400515933 /* Model */,
				E1FAC7D31BD5082400515933 /* View */,
				E1FAC7D41BD5082400515933 /* ViewModel */,
			);
			name = Home;
			path = App/Home;
			sourceTree = "<group>";
		};
		E16710561BD4D397001C3029 /* Main */ = {
			isa = PBXGroup;
			children = (
				E1393EFD1BDA67A5006C391E /* ViewModel */,
				E1E473B51BD779C500EDCA4B /* Const */,
				E1BFEFB41BD645E000751AEF /* Configer */,
				E1FAC7DD1BD5088000515933 /* View */,
				E16710681BD4FF87001C3029 /* StoryBoard */,
				E16710661BD4FF56001C3029 /* SeaverApi */,
				E16710671BD4FF56001C3029 /* Tool */,
				E16710651BD4FD28001C3029 /* Controller */,
				E16710571BD4D397001C3029 /* Catecary */,
			);
			name = Main;
			path = App/Main;
			sourceTree = "<group>";
		};
		E16710571BD4D397001C3029 /* Catecary */ = {
			isa = PBXGroup;
			children = (
				E1E473AC1BD72C8E00EDCA4B /* Foundation+Log.m */,
				E1E473A61BD72C7E00EDCA4B /* NSDate+Extension.h */,
				E1E473A71BD72C7E00EDCA4B /* NSDate+Extension.m */,
				E167105E1BD4F7A4001C3029 /* UIBarButtonItem+Extension.h */,
				E167105F1BD4F7A4001C3029 /* UIBarButtonItem+Extension.m */,
				E16710601BD4F7A4001C3029 /* UIView+Extension.h */,
				E16710611BD4F7A4001C3029 /* UIView+Extension.m */,
				E1E473A91BD72C8300EDCA4B /* NSString+Extension.h */,
				E1E473AA1BD72C8300EDCA4B /* NSString+Extension.m */,
				E164B4CC1BD7E554007004A6 /* UIColor+Extension.h */,
				E164B4CD1BD7E554007004A6 /* UIColor+Extension.m */,
				E164B4CF1BD86A8A007004A6 /* UIView+TaoSingnal.h */,
				E164B4D01BD86A8A007004A6 /* UIView+TaoSingnal.m */,
				E1E25CBD1BDB5CD8007D8337 /* UIImage+Clip.h */,
				E1E25CBE1BDB5CD8007D8337 /* UIImage+Clip.m */,
			);
			path = Catecary;
			sourceTree = "<group>";
		};
		E16710581BD4D397001C3029 /* Message */ = {
			isa = PBXGroup;
			children = (
				E1FAC7E61BD50A2700515933 /* Storyboard */,
				E1FAC7D51BD5084600515933 /* Controller */,
				E1FAC7D61BD5084600515933 /* Model */,
				E1FAC7D71BD5084600515933 /* View */,
				E1FAC7D81BD5084600515933 /* ViewModel */,
			);
			name = Message;
			path = App/Message;
			sourceTree = "<group>";
		};
		E16710591BD4D397001C3029 /* Mine */ = {
			isa = PBXGroup;
			children = (
				E1FAC7E71BD50A2E00515933 /* Storyboard */,
				E1FAC7D91BD5085E00515933 /* Controller */,
				E1FAC7DA1BD5085E00515933 /* Model */,
				E1FAC7DB1BD5085E00515933 /* View */,
				E1FAC7DC1BD5085E00515933 /* ViewModel */,
			);
			name = Mine;
			path = App/Mine;
			sourceTree = "<group>";
		};
		E167105A1BD4D397001C3029 /* Other */ = {
			isa = PBXGroup;
			children = (
				E167105B1BD4D397001C3029 /* AppDelegate.h */,
				E167105C1BD4D397001C3029 /* AppDelegate.m */,
			);
			name = Other;
			path = App/Other;
			sourceTree = "<group>";
		};
		E16710651BD4FD28001C3029 /* Controller */ = {
			isa = PBXGroup;
			children = (
				E138B1901BD614CF0074FF0F /* NBNavigationViewController.h */,
				E138B1911BD614CF0074FF0F /* NBNavigationViewController.m */,
				E138B1921BD614CF0074FF0F /* NBTabBarViewController.h */,
				E138B1931BD614CF0074FF0F /* NBTabBarViewController.m */,
				E1BFEFB81BD6541000751AEF /* NBBaseViewController.h */,
				E1BFEFB91BD6541000751AEF /* NBBaseViewController.m */,
				E1393EFA1BDA2ADE006C391E /* TaoLoginViewController.h */,
				E1393EFB1BDA2ADE006C391E /* TaoLoginViewController.m */,
			);
			name = Controller;
			path = Catecary/Controller;
			sourceTree = "<group>";
		};
		E16710661BD4FF56001C3029 /* SeaverApi */ = {
			isa = PBXGroup;
			children = (
				E1393EFE1BDA689F006C391E /* TaoSearverAPI.h */,
				E1393EFF1BDA689F006C391E /* TaoSearverAPI.m */,
			);
			path = SeaverApi;
			sourceTree = "<group>";
		};
		E16710671BD4FF56001C3029 /* Tool */ = {
			isa = PBXGroup;
			children = (
				E1393F011BDA6D09006C391E /* TaoAccountTool.h */,
				E1393F021BDA6D09006C391E /* TaoAccountTool.m */,
				E17938571BDAB45800617E8C /* TaoHTTPTool.h */,
				E17938581BDAB45800617E8C /* TaoHTTPTool.m */,
				E1E25CC01BDB8D0F007D8337 /* TaoUserDefults.h */,
				E1E25CC11BDB8D0F007D8337 /* TaoUserDefults.m */,
			);
			path = Tool;
			sourceTree = "<group>";
		};
		E16710681BD4FF87001C3029 /* StoryBoard */ = {
			isa = PBXGroup;
			children = (
			);
			path = StoryBoard;
			sourceTree = "<group>";
		};
		E1BFEFB41BD645E000751AEF /* Configer */ = {
			isa = PBXGroup;
			children = (
				E1BFEFB51BD645FB00751AEF /* TaoNavigationBarConfig.h */,
				E1BFEFB61BD645FB00751AEF /* TaoNavigationBarConfig.m */,
			);
			name = Configer;
			path = ../Configer;
			sourceTree = "<group>";
		};
		E1C0570B1BDB4E6700CC8C1A /* cell */ = {
			isa = PBXGroup;
			children = (
				E1C0570C1BDB4E8C00CC8C1A /* TaoAccountTableViewCell.h */,
				E1C0570D1BDB4E8C00CC8C1A /* TaoAccountTableViewCell.m */,
				E1C0570E1BDB4E8C00CC8C1A /* TaoAccountTableViewCell.xib */,
			);
			path = cell;
			sourceTree = "<group>";
		};
		E1E473B51BD779C500EDCA4B /* Const */ = {
			isa = PBXGroup;
			children = (
				E1E473B61BD779D900EDCA4B /* TaoConst.h */,
				E1E473B71BD779D900EDCA4B /* TaoConst.m */,
			);
			path = Const;
			sourceTree = "<group>";
		};
		E1FAC7C91BD5078800515933 /* Controller */ = {
			isa = PBXGroup;
			children = (
				E1FAC7F01BD50AAE00515933 /* TaoComposeTableViewController.h */,
				E1FAC7F11BD50AAE00515933 /* TaoComposeTableViewController.m */,
			);
			path = Controller;
			sourceTree = "<group>";
		};
		E1FAC7CA1BD5078800515933 /* Model */ = {
			isa = PBXGroup;
			children = (
			);
			path = Model;
			sourceTree = "<group>";
		};
		E1FAC7CB1BD5078800515933 /* View */ = {
			isa = PBXGroup;
			children = (
			);
			path = View;
			sourceTree = "<group>";
		};
		E1FAC7CC1BD5078800515933 /* ViewModel */ = {
			isa = PBXGroup;
			children = (
			);
			path = ViewModel;
			sourceTree = "<group>";
		};
		E1FAC7CD1BD5080200515933 /* Controller */ = {
			isa = PBXGroup;
			children = (
				E1BFEFC11BD68EA900751AEF /* TaoDisCoverViewController.h */,
				E1BFEFC21BD68EA900751AEF /* TaoDisCoverViewController.m */,
			);
			path = Controller;
			sourceTree = "<group>";
		};
		E1FAC7CE1BD5080200515933 /* Model */ = {
			isa = PBXGroup;
			children = (
			);
			path = Model;
			sourceTree = "<group>";
		};
		E1FAC7CF1BD5080200515933 /* View */ = {
			isa = PBXGroup;
			children = (
			);
			path = View;
			sourceTree = "<group>";
		};
		E1FAC7D01BD5080200515933 /* ViewModel */ = {
			isa = PBXGroup;
			children = (
			);
			path = ViewModel;
			sourceTree = "<group>";
		};
		E1FAC7D11BD5082400515933 /* Controller */ = {
			isa = PBXGroup;
			children = (
				E1BFEFBB1BD6555600751AEF /* TaoHomeViewController.h */,
				E1BFEFBC1BD6555600751AEF /* TaoHomeViewController.m */,
				E164B4D21BD86FEB007004A6 /* TaoHomeGroupEditViewController.h */,
				E164B4D31BD86FEB007004A6 /* TaoHomeGroupEditViewController.m */,
				E1393EF71BDA01B3006C391E /* TaoHomeGroupManagerViewController.h */,
				E1393EF81BDA01B3006C391E /* TaoHomeGroupManagerViewController.m */,
			);
			path = Controller;
			sourceTree = "<group>";
		};
		E1FAC7D21BD5082400515933 /* Model */ = {
			isa = PBXGroup;
			children = (
			);
			path = Model;
			sourceTree = "<group>";
		};
		E1FAC7D31BD5082400515933 /* View */ = {
			isa = PBXGroup;
			children = (
				E1E473B21BD75AEB00EDCA4B /* TaoHomeTitleBtn.h */,
				E1E473B31BD75AEB00EDCA4B /* TaoHomeTitleBtn.m */,
				E1A07EEA1BD91FC5000A8939 /* TaoHomeEditTableViewCell.h */,
				E1A07EEB1BD91FC5000A8939 /* TaoHomeEditTableViewCell.m */,
				E1A07EEC1BD91FC5000A8939 /* TaoHomeEditTableViewCell.xib */,
			);
			path = View;
			sourceTree = "<group>";
		};
		E1FAC7D41BD5082400515933 /* ViewModel */ = {
			isa = PBXGroup;
			children = (
			);
			path = ViewModel;
			sourceTree = "<group>";
		};
		E1FAC7D51BD5084600515933 /* Controller */ = {
			isa = PBXGroup;
			children = (
				E1FAC7EA1BD50A5C00515933 /* TaoMessageTableViewController.h */,
				E1FAC7EB1BD50A5C00515933 /* TaoMessageTableViewController.m */,
			);
			path = Controller;
			sourceTree = "<group>";
		};
		E1FAC7D61BD5084600515933 /* Model */ = {
			isa = PBXGroup;
			children = (
			);
			path = Model;
			sourceTree = "<group>";
		};
		E1FAC7D71BD5084600515933 /* View */ = {
			isa = PBXGroup;
			children = (
			);
			path = View;
			sourceTree = "<group>";
		};
		E1FAC7D81BD5084600515933 /* ViewModel */ = {
			isa = PBXGroup;
			children = (
			);
			path = ViewModel;
			sourceTree = "<group>";
		};
		E1FAC7D91BD5085E00515933 /* Controller */ = {
			isa = PBXGroup;
			children = (
				E1FAC7F31BD50AC400515933 /* TaoMineTableViewController.h */,
				E1FAC7F41BD50AC400515933 /* TaoMineTableViewController.m */,
			);
			path = Controller;
			sourceTree = "<group>";
		};
		E1FAC7DA1BD5085E00515933 /* Model */ = {
			isa = PBXGroup;
			children = (
			);
			path = Model;
			sourceTree = "<group>";
		};
		E1FAC7DB1BD5085E00515933 /* View */ = {
			isa = PBXGroup;
			children = (
			);
			path = View;
			sourceTree = "<group>";
		};
		E1FAC7DC1BD5085E00515933 /* ViewModel */ = {
			isa = PBXGroup;
			children = (
			);
			path = ViewModel;
			sourceTree = "<group>";
		};
		E1FAC7DD1BD5088000515933 /* View */ = {
			isa = PBXGroup;
			children = (
				E1C0570B1BDB4E6700CC8C1A /* cell */,
				E1FAC7DE1BD5089B00515933 /* NBTabBar.h */,
				E1FAC7DF1BD5089B00515933 /* NBTabBar.m */,
				E18E88601BD8E5B100D18B4D /* TaoAlertFiledView.h */,
				E18E88611BD8E5B100D18B4D /* TaoAlertFiledView.m */,
			);
			path = View;
			sourceTree = "<group>";
		};
		E1FAC7E41BD509DA00515933 /* Storyboard */ = {
			isa = PBXGroup;
			children = (
			);
			path = Storyboard;
			sourceTree = "<group>";
		};
		E1FAC7E61BD50A2700515933 /* Storyboard */ = {
			isa = PBXGroup;
			children = (
			);
			path = Storyboard;
			sourceTree = "<group>";
		};
		E1FAC7E71BD50A2E00515933 /* Storyboard */ = {
			isa = PBXGroup;
			children = (
			);
			path = Storyboard;
			sourceTree = "<group>";
		};
		E1FAC7E81BD50A3900515933 /* Storyboard */ = {
			isa = PBXGroup;
			children = (
				E1BFEFAF1BD63CE000751AEF /* Home.storyboard */,
			);
			path = Storyboard;
			sourceTree = "<group>";
		};
		E1FAC7E91BD50A4000515933 /* Storyboard */ = {
			isa = PBXGroup;
			children = (
			);
			path = Storyboard;
			sourceTree = "<group>";
		};
/* End PBXGroup section */

/* Begin PBXNativeTarget section */
		E16710191BD4CE9F001C3029 /* 韬微博4.0 */ = {
			isa = PBXNativeTarget;
			buildConfigurationList = E16710471BD4CE9F001C3029 /* Build configuration list for PBXNativeTarget "韬微博4.0" */;
			buildPhases = (
				12FE27769C174DAE12DBCD6B /* Check Pods Manifest.lock */,
				E16710161BD4CE9F001C3029 /* Sources */,
				E16710171BD4CE9F001C3029 /* Frameworks */,
				E16710181BD4CE9F001C3029 /* Resources */,
				3EDBE994C6820E39792EF16B /* Embed Pods Frameworks */,
				BFA9D62F115C1A9FF9E82C96 /* Copy Pods Resources */,
			);
			buildRules = (
			);
			dependencies = (
			);
			name = "韬微博4.0";
			productName = "韬微博4.0";
			productReference = E167101A1BD4CE9F001C3029 /* 韬微博4.0.app */;
			productType = "com.apple.product-type.application";
		};
		E16710321BD4CE9F001C3029 /* 韬微博4.0Tests */ = {
			isa = PBXNativeTarget;
			buildConfigurationList = E167104A1BD4CE9F001C3029 /* Build configuration list for PBXNativeTarget "韬微博4.0Tests" */;
			buildPhases = (
				E167102F1BD4CE9F001C3029 /* Sources */,
				E16710301BD4CE9F001C3029 /* Frameworks */,
				E16710311BD4CE9F001C3029 /* Resources */,
			);
			buildRules = (
			);
			dependencies = (
				E16710351BD4CE9F001C3029 /* PBXTargetDependency */,
			);
			name = "韬微博4.0Tests";
			productName = "韬微博4.0Tests";
			productReference = E16710331BD4CE9F001C3029 /* 韬微博4.0Tests.xctest */;
			productType = "com.apple.product-type.bundle.unit-test";
		};
		E167103D1BD4CE9F001C3029 /* 韬微博4.0UITests */ = {
			isa = PBXNativeTarget;
			buildConfigurationList = E167104D1BD4CE9F001C3029 /* Build configuration list for PBXNativeTarget "韬微博4.0UITests" */;
			buildPhases = (
				E167103A1BD4CE9F001C3029 /* Sources */,
				E167103B1BD4CE9F001C3029 /* Frameworks */,
				E167103C1BD4CE9F001C3029 /* Resources */,
			);
			buildRules = (
			);
			dependencies = (
				E16710401BD4CE9F001C3029 /* PBXTargetDependency */,
			);
			name = "韬微博4.0UITests";
			productName = "韬微博4.0UITests";
			productReference = E167103E1BD4CE9F001C3029 /* 韬微博4.0UITests.xctest */;
			productType = "com.apple.product-type.bundle.ui-testing";
		};
/* End PBXNativeTarget section */

/* Begin PBXProject section */
		E16710121BD4CE9F001C3029 /* Project object */ = {
			isa = PBXProject;
			attributes = {
				CLASSPREFIX = Tao;
				LastUpgradeCheck = 0700;
				ORGANIZATIONNAME = Baidu;
				TargetAttributes = {
					E16710191BD4CE9F001C3029 = {
						CreatedOnToolsVersion = 7.0.1;
						DevelopmentTeam = 9UB4V29K4G;
					};
					E16710321BD4CE9F001C3029 = {
						CreatedOnToolsVersion = 7.0.1;
						DevelopmentTeam = 9UB4V29K4G;
						TestTargetID = E16710191BD4CE9F001C3029;
					};
					E167103D1BD4CE9F001C3029 = {
						CreatedOnToolsVersion = 7.0.1;
						DevelopmentTeam = 9UB4V29K4G;
						TestTargetID = E16710191BD4CE9F001C3029;
					};
				};
			};
			buildConfigurationList = E16710151BD4CE9F001C3029 /* Build configuration list for PBXProject "韬微博4.0" */;
			compatibilityVersion = "Xcode 3.2";
			developmentRegion = English;
			hasScannedForEncodings = 0;
			knownRegions = (
				en,
				Base,
			);
			mainGroup = E16710111BD4CE9F001C3029;
			productRefGroup = E167101B1BD4CE9F001C3029 /* Products */;
			projectDirPath = "";
			projectRoot = "";
			targets = (
				E16710191BD4CE9F001C3029 /* 韬微博4.0 */,
				E16710321BD4CE9F001C3029 /* 韬微博4.0Tests */,
				E167103D1BD4CE9F001C3029 /* 韬微博4.0UITests */,
			);
		};
/* End PBXProject section */

/* Begin PBXResourcesBuildPhase section */
		E16710181BD4CE9F001C3029 /* Resources */ = {
			isa = PBXResourcesBuildPhase;
			buildActionMask = 2147483647;
			files = (
				E1C057101BDB4E8C00CC8C1A /* TaoAccountTableViewCell.xib in Resources */,
				E1BFEFB01BD63CE000751AEF /* Home.storyboard in Resources */,
				E167102D1BD4CE9F001C3029 /* LaunchScreen.storyboard in Resources */,
				E167102A1BD4CE9F001C3029 /* Assets.xcassets in Resources */,
				E1A07EEE1BD91FC5000A8939 /* TaoHomeEditTableViewCell.xib in Resources */,
			);
			runOnlyForDeploymentPostprocessing = 0;
		};
		E16710311BD4CE9F001C3029 /* Resources */ = {
			isa = PBXResourcesBuildPhase;
			buildActionMask = 2147483647;
			files = (
			);
			runOnlyForDeploymentPostprocessing = 0;
		};
		E167103C1BD4CE9F001C3029 /* Resources */ = {
			isa = PBXResourcesBuildPhase;
			buildActionMask = 2147483647;
			files = (
			);
			runOnlyForDeploymentPostprocessing = 0;
		};
/* End PBXResourcesBuildPhase section */

/* Begin PBXShellScriptBuildPhase section */
		12FE27769C174DAE12DBCD6B /* Check Pods Manifest.lock */ = {
			isa = PBXShellScriptBuildPhase;
			buildActionMask = 2147483647;
			files = (
			);
			inputPaths = (
			);
			name = "Check Pods Manifest.lock";
			outputPaths = (
			);
			runOnlyForDeploymentPostprocessing = 0;
			shellPath = /bin/sh;
			shellScript = "diff \"${PODS_ROOT}/../Podfile.lock\" \"${PODS_ROOT}/Manifest.lock\" > /dev/null\nif [[ $? != 0 ]] ; then\n    cat << EOM\nerror: The sandbox is not in sync with the Podfile.lock. Run 'pod install' or update your CocoaPods installation.\nEOM\n    exit 1\nfi\n";
			showEnvVarsInLog = 0;
		};
		3EDBE994C6820E39792EF16B /* Embed Pods Frameworks */ = {
			isa = PBXShellScriptBuildPhase;
			buildActionMask = 2147483647;
			files = (
			);
			inputPaths = (
			);
			name = "Embed Pods Frameworks";
			outputPaths = (
			);
			runOnlyForDeploymentPostprocessing = 0;
			shellPath = /bin/sh;
			shellScript = "\"${SRCROOT}/Pods/Target Support Files/Pods/Pods-frameworks.sh\"\n";
			showEnvVarsInLog = 0;
		};
		BFA9D62F115C1A9FF9E82C96 /* Copy Pods Resources */ = {
			isa = PBXShellScriptBuildPhase;
			buildActionMask = 2147483647;
			files = (
			);
			inputPaths = (
			);
			name = "Copy Pods Resources";
			outputPaths = (
			);
			runOnlyForDeploymentPostprocessing = 0;
			shellPath = /bin/sh;
			shellScript = "\"${SRCROOT}/Pods/Target Support Files/Pods/Pods-resources.sh\"\n";
			showEnvVarsInLog = 0;
		};
/* End PBXShellScriptBuildPhase section */

/* Begin PBXSourcesBuildPhase section */
		E16710161BD4CE9F001C3029 /* Sources */ = {
			isa = PBXSourcesBuildPhase;
			buildActionMask = 2147483647;
			files = (
				E1FAC7F21BD50AAE00515933 /* TaoComposeTableViewController.m in Sources */,
				E164B4D11BD86A8A007004A6 /* UIView+TaoSingnal.m in Sources */,
				E16710621BD4F7A4001C3029 /* UIBarButtonItem+Extension.m in Sources */,
				E1FAC7F51BD50AC400515933 /* TaoMineTableViewController.m in Sources */,
				E1E25CC21BDB8D0F007D8337 /* TaoUserDefults.m in Sources */,
				E1E473B81BD779D900EDCA4B /* TaoConst.m in Sources */,
				E1247F551BDA866B00288E87 /* TaoAccountViewModel.m in Sources */,
				E1393EF91BDA01B3006C391E /* TaoHomeGroupManagerViewController.m in Sources */,
				E1E473B41BD75AEB00EDCA4B /* TaoHomeTitleBtn.m in Sources */,
				E1FAC7E01BD5089B00515933 /* NBTabBar.m in Sources */,
				E1E473A81BD72C7E00EDCA4B /* NSDate+Extension.m in Sources */,
				E17938591BDAB45800617E8C /* TaoHTTPTool.m in Sources */,
				E18E88621BD8E5B100D18B4D /* TaoAlertFiledView.m in Sources */,
				E164B4CE1BD7E554007004A6 /* UIColor+Extension.m in Sources */,
				E1E473AD1BD72C8E00EDCA4B /* Foundation+Log.m in Sources */,
				E1C0570F1BDB4E8C00CC8C1A /* TaoAccountTableViewCell.m in Sources */,
				E1393F001BDA689F006C391E /* TaoSearverAPI.m in Sources */,
				E1BFEFBA1BD6541000751AEF /* NBBaseViewController.m in Sources */,
				E1BFEFB71BD645FB00751AEF /* TaoNavigationBarConfig.m in Sources */,
				E1BFEFC31BD68EA900751AEF /* TaoDisCoverViewController.m in Sources */,
				E138B1951BD614CF0074FF0F /* NBTabBarViewController.m in Sources */,
				E138B1941BD614CF0074FF0F /* NBNavigationViewController.m in Sources */,
				E1393F031BDA6D09006C391E /* TaoAccountTool.m in Sources */,
				E167105D1BD4D397001C3029 /* AppDelegate.m in Sources */,
				E1E473AB1BD72C8300EDCA4B /* NSString+Extension.m in Sources */,
				E1FAC7EC1BD50A5C00515933 /* TaoMessageTableViewController.m in Sources */,
				E1A07EED1BD91FC5000A8939 /* TaoHomeEditTableViewCell.m in Sources */,
				E1393EFC1BDA2ADE006C391E /* TaoLoginViewController.m in Sources */,
				E16710631BD4F7A4001C3029 /* UIView+Extension.m in Sources */,
				E1BFEFBD1BD6555600751AEF /* TaoHomeViewController.m in Sources */,
				E1E25CBF1BDB5CD8007D8337 /* UIImage+Clip.m in Sources */,
				E164B4D41BD86FEB007004A6 /* TaoHomeGroupEditViewController.m in Sources */,
				E167101F1BD4CE9F001C3029 /* main.m in Sources */,
			);
			runOnlyForDeploymentPostprocessing = 0;
		};
		E167102F1BD4CE9F001C3029 /* Sources */ = {
			isa = PBXSourcesBuildPhase;
			buildActionMask = 2147483647;
			files = (
				E16710381BD4CE9F001C3029 /* ___4_0Tests.m in Sources */,
			);
			runOnlyForDeploymentPostprocessing = 0;
		};
		E167103A1BD4CE9F001C3029 /* Sources */ = {
			isa = PBXSourcesBuildPhase;
			buildActionMask = 2147483647;
			files = (
				E16710431BD4CE9F001C3029 /* ___4_0UITests.m in Sources */,
			);
			runOnlyForDeploymentPostprocessing = 0;
		};
/* End PBXSourcesBuildPhase section */

/* Begin PBXTargetDependency section */
		E16710351BD4CE9F001C3029 /* PBXTargetDependency */ = {
			isa = PBXTargetDependency;
			target = E16710191BD4CE9F001C3029 /* 韬微博4.0 */;
			targetProxy = E16710341BD4CE9F001C3029 /* PBXContainerItemProxy */;
		};
		E16710401BD4CE9F001C3029 /* PBXTargetDependency */ = {
			isa = PBXTargetDependency;
			target = E16710191BD4CE9F001C3029 /* 韬微博4.0 */;
			targetProxy = E167103F1BD4CE9F001C3029 /* PBXContainerItemProxy */;
		};
/* End PBXTargetDependency section */

/* Begin PBXVariantGroup section */
		E167102B1BD4CE9F001C3029 /* LaunchScreen.storyboard */ = {
			isa = PBXVariantGroup;
			children = (
				E167102C1BD4CE9F001C3029 /* Base */,
			);
			name = LaunchScreen.storyboard;
			sourceTree = "<group>";
		};
/* End PBXVariantGroup section */

/* Begin XCBuildConfiguration section */
		E16710451BD4CE9F001C3029 /* Debug */ = {
			isa = XCBuildConfiguration;
			buildSettings = {
				ALWAYS_SEARCH_USER_PATHS = NO;
				CLANG_CXX_LANGUAGE_STANDARD = "gnu++0x";
				CLANG_CXX_LIBRARY = "libc++";
				CLANG_ENABLE_MODULES = YES;
				CLANG_ENABLE_OBJC_ARC = YES;
				CLANG_WARN_BOOL_CONVERSION = YES;
				CLANG_WARN_CONSTANT_CONVERSION = YES;
				CLANG_WARN_DIRECT_OBJC_ISA_USAGE = YES_ERROR;
				CLANG_WARN_EMPTY_BODY = YES;
				CLANG_WARN_ENUM_CONVERSION = YES;
				CLANG_WARN_INT_CONVERSION = YES;
				CLANG_WARN_OBJC_ROOT_CLASS = YES_ERROR;
				CLANG_WARN_UNREACHABLE_CODE = YES;
				CLANG_WARN__DUPLICATE_METHOD_MATCH = YES;
				"CODE_SIGN_IDENTITY[sdk=iphoneos*]" = "iPhone Developer";
				COPY_PHASE_STRIP = NO;
				DEBUG_INFORMATION_FORMAT = dwarf;
				ENABLE_STRICT_OBJC_MSGSEND = YES;
				ENABLE_TESTABILITY = YES;
				GCC_C_LANGUAGE_STANDARD = gnu99;
				GCC_DYNAMIC_NO_PIC = NO;
				GCC_NO_COMMON_BLOCKS = YES;
				GCC_OPTIMIZATION_LEVEL = 0;
				GCC_PREPROCESSOR_DEFINITIONS = (
					"DEBUG=1",
					"$(inherited)",
				);
				GCC_WARN_64_TO_32_BIT_CONVERSION = YES;
				GCC_WARN_ABOUT_RETURN_TYPE = YES_ERROR;
				GCC_WARN_UNDECLARED_SELECTOR = YES;
				GCC_WARN_UNINITIALIZED_AUTOS = YES_AGGRESSIVE;
				GCC_WARN_UNUSED_FUNCTION = YES;
				GCC_WARN_UNUSED_VARIABLE = YES;
				IPHONEOS_DEPLOYMENT_TARGET = 9.0;
				MTL_ENABLE_DEBUG_INFO = YES;
				ONLY_ACTIVE_ARCH = YES;
				SDKROOT = iphoneos;
			};
			name = Debug;
		};
		E16710461BD4CE9F001C3029 /* Release */ = {
			isa = XCBuildConfiguration;
			buildSettings = {
				ALWAYS_SEARCH_USER_PATHS = NO;
				CLANG_CXX_LANGUAGE_STANDARD = "gnu++0x";
				CLANG_CXX_LIBRARY = "libc++";
				CLANG_ENABLE_MODULES = YES;
				CLANG_ENABLE_OBJC_ARC = YES;
				CLANG_WARN_BOOL_CONVERSION = YES;
				CLANG_WARN_CONSTANT_CONVERSION = YES;
				CLANG_WARN_DIRECT_OBJC_ISA_USAGE = YES_ERROR;
				CLANG_WARN_EMPTY_BODY = YES;
				CLANG_WARN_ENUM_CONVERSION = YES;
				CLANG_WARN_INT_CONVERSION = YES;
				CLANG_WARN_OBJC_ROOT_CLASS = YES_ERROR;
				CLANG_WARN_UNREACHABLE_CODE = YES;
				CLANG_WARN__DUPLICATE_METHOD_MATCH = YES;
				"CODE_SIGN_IDENTITY[sdk=iphoneos*]" = "iPhone Developer";
				COPY_PHASE_STRIP = NO;
				DEBUG_INFORMATION_FORMAT = "dwarf-with-dsym";
				ENABLE_NS_ASSERTIONS = NO;
				ENABLE_STRICT_OBJC_MSGSEND = YES;
				GCC_C_LANGUAGE_STANDARD = gnu99;
				GCC_NO_COMMON_BLOCKS = YES;
				GCC_WARN_64_TO_32_BIT_CONVERSION = YES;
				GCC_WARN_ABOUT_RETURN_TYPE = YES_ERROR;
				GCC_WARN_UNDECLARED_SELECTOR = YES;
				GCC_WARN_UNINITIALIZED_AUTOS = YES_AGGRESSIVE;
				GCC_WARN_UNUSED_FUNCTION = YES;
				GCC_WARN_UNUSED_VARIABLE = YES;
				IPHONEOS_DEPLOYMENT_TARGET = 9.0;
				MTL_ENABLE_DEBUG_INFO = NO;
				SDKROOT = iphoneos;
				VALIDATE_PRODUCT = YES;
			};
			name = Release;
		};
		E16710481BD4CE9F001C3029 /* Debug */ = {
			isa = XCBuildConfiguration;
			baseConfigurationReference = 4416BD694E4B871582D910AE /* Pods.debug.xcconfig */;
			buildSettings = {
				ASSETCATALOG_COMPILER_APPICON_NAME = AppIcon;
				ASSETCATALOG_COMPILER_LAUNCHIMAGE_NAME = LaunchImage;
				GCC_PRECOMPILE_PREFIX_HEADER = NO;
				GCC_PREFIX_HEADER = "$(SRCROOT)/韬微博4.0/韬微博.pch";
				INFOPLIST_FILE = "韬微博4.0/Info.plist";
				IPHONEOS_DEPLOYMENT_TARGET = 7.0;
				LD_RUNPATH_SEARCH_PATHS = "$(inherited) @executable_path/Frameworks";
				PRODUCT_BUNDLE_IDENTIFIER = taoweibo.woxinyisi;
				PRODUCT_NAME = "$(TARGET_NAME)";
			};
			name = Debug;
		};
		E16710491BD4CE9F001C3029 /* Release */ = {
			isa = XCBuildConfiguration;
			baseConfigurationReference = 9828779776BAB5399CE552E5 /* Pods.release.xcconfig */;
			buildSettings = {
				ASSETCATALOG_COMPILER_APPICON_NAME = AppIcon;
				ASSETCATALOG_COMPILER_LAUNCHIMAGE_NAME = LaunchImage;
				GCC_PRECOMPILE_PREFIX_HEADER = NO;
				GCC_PREFIX_HEADER = "$(SRCROOT)/韬微博4.0/韬微博.pch";
				INFOPLIST_FILE = "韬微博4.0/Info.plist";
				IPHONEOS_DEPLOYMENT_TARGET = 7.0;
				LD_RUNPATH_SEARCH_PATHS = "$(inherited) @executable_path/Frameworks";
				PRODUCT_BUNDLE_IDENTIFIER = taoweibo.woxinyisi;
				PRODUCT_NAME = "$(TARGET_NAME)";
			};
			name = Release;
		};
		E167104B1BD4CE9F001C3029 /* Debug */ = {
			isa = XCBuildConfiguration;
			buildSettings = {
				BUNDLE_LOADER = "$(TEST_HOST)";
				INFOPLIST_FILE = "韬微博4.0Tests/Info.plist";
				LD_RUNPATH_SEARCH_PATHS = "$(inherited) @executable_path/Frameworks @loader_path/Frameworks";
				PRODUCT_BUNDLE_IDENTIFIER = "baidu.---4-0Tests";
				PRODUCT_NAME = "$(TARGET_NAME)";
				TEST_HOST = "$(BUILT_PRODUCTS_DIR)/韬微博4.0.app/韬微博4.0";
			};
			name = Debug;
		};
		E167104C1BD4CE9F001C3029 /* Release */ = {
			isa = XCBuildConfiguration;
			buildSettings = {
				BUNDLE_LOADER = "$(TEST_HOST)";
				INFOPLIST_FILE = "韬微博4.0Tests/Info.plist";
				LD_RUNPATH_SEARCH_PATHS = "$(inherited) @executable_path/Frameworks @loader_path/Frameworks";
				PRODUCT_BUNDLE_IDENTIFIER = "baidu.---4-0Tests";
				PRODUCT_NAME = "$(TARGET_NAME)";
				TEST_HOST = "$(BUILT_PRODUCTS_DIR)/韬微博4.0.app/韬微博4.0";
			};
			name = Release;
		};
		E167104E1BD4CE9F001C3029 /* Debug */ = {
			isa = XCBuildConfiguration;
			buildSettings = {
				INFOPLIST_FILE = "韬微博4.0UITests/Info.plist";
				LD_RUNPATH_SEARCH_PATHS = "$(inherited) @executable_path/Frameworks @loader_path/Frameworks";
				PRODUCT_BUNDLE_IDENTIFIER = "baidu.---4-0UITests";
				PRODUCT_NAME = "$(TARGET_NAME)";
				TEST_TARGET_NAME = "韬微博4.0";
				USES_XCTRUNNER = YES;
			};
			name = Debug;
		};
		E167104F1BD4CE9F001C3029 /* Release */ = {
			isa = XCBuildConfiguration;
			buildSettings = {
				INFOPLIST_FILE = "韬微博4.0UITests/Info.plist";
				LD_RUNPATH_SEARCH_PATHS = "$(inherited) @executable_path/Frameworks @loader_path/Frameworks";
				PRODUCT_BUNDLE_IDENTIFIER = "baidu.---4-0UITests";
				PRODUCT_NAME = "$(TARGET_NAME)";
				TEST_TARGET_NAME = "韬微博4.0";
				USES_XCTRUNNER = YES;
			};
			name = Release;
		};
/* End XCBuildConfiguration section */

/* Begin XCConfigurationList section */
		E16710151BD4CE9F001C3029 /* Build configuration list for PBXProject "韬微博4.0" */ = {
			isa = XCConfigurationList;
			buildConfigurations = (
				E16710451BD4CE9F001C3029 /* Debug */,
				E16710461BD4CE9F001C3029 /* Release */,
			);
			defaultConfigurationIsVisible = 0;
			defaultConfigurationName = Release;
		};
		E16710471BD4CE9F001C3029 /* Build configuration list for PBXNativeTarget "韬微博4.0" */ = {
			isa = XCConfigurationList;
			buildConfigurations = (
				E16710481BD4CE9F001C3029 /* Debug */,
				E16710491BD4CE9F001C3029 /* Release */,
			);
			defaultConfigurationIsVisible = 0;
			defaultConfigurationName = Release;
		};
		E167104A1BD4CE9F001C3029 /* Build configuration list for PBXNativeTarget "韬微博4.0Tests" */ = {
			isa = XCConfigurationList;
			buildConfigurations = (
				E167104B1BD4CE9F001C3029 /* Debug */,
				E167104C1BD4CE9F001C3029 /* Release */,
			);
			defaultConfigurationIsVisible = 0;
			defaultConfigurationName = Release;
		};
		E167104D1BD4CE9F001C3029 /* Build configuration list for PBXNativeTarget "韬微博4.0UITests" */ = {
			isa = XCConfigurationList;
			buildConfigurations = (
				E167104E1BD4CE9F001C3029 /* Debug */,
				E167104F1BD4CE9F001C3029 /* Release */,
			);
			defaultConfigurationIsVisible = 0;
			defaultConfigurationName = Release;
		};
/* End XCConfigurationList section */
	};
	rootObject = E16710121BD4CE9F001C3029 /* Project object */;
}
